
Microsoft Visual Studio Solution File, Format Version 12.00
# Visual Studio 15
VisualStudioVersion = 15.0.28307.168
MinimumVisualStudioVersion = 10.0.40219.1
Project("{FAE04EC0-301F-11D3-BF4B-00C04F79EFBC}") = "GB_CSharp_lvl_1.6", "GB_CSharp_lvl_1.6\GB_CSharp_lvl_1.6.csproj", "{8F06F99C-DDFE-4450-B1EB-398F54969806}"
EndProject
Project("{FAE04EC0-301F-11D3-BF4B-00C04F79EFBC}") = "Task_2", "Task_2\Task_2.csproj", "{69DF0A41-829B-4A93-9169-F8297DB0CDB3}"
EndProject
Project("{FAE04EC0-301F-11D3-BF4B-00C04F79EFBC}") = "Task_3", "Task_3\Task_3.csproj", "{380F7BAA-ABBC-432F-A46D-ED90E1859092}"
EndProject
Global
	GlobalSection(SolutionConfigurationPlatforms) = preSolution
		Debug|Any CPU = Debug|Any CPU
		Release|Any CPU = Release|Any CPU
	EndGlobalSection
	GlobalSection(ProjectConfigurationPlatforms) = postSolution
		{8F06F99C-DDFE-4450-B1EB-398F54969806}.Debug|Any CPU.ActiveCfg = Debug|Any CPU
		{8F06F99C-DDFE-4450-B1EB-398F54969806}.Debug|Any CPU.Build.0 = Debug|Any CPU
		{8F06F99C-DDFE-4450-B1EB-398F54969806}.Release|Any CPU.ActiveCfg = Release|Any CPU
		{8F06F99C-DDFE-4450-B1EB-398F54969806}.Release|Any CPU.Build.0 = Release|Any CPU
		{69DF0A41-829B-4A93-9169-F8297DB0CDB3}.Debug|Any CPU.ActiveCfg = Debug|Any CPU
		{69DF0A41-829B-4A93-9169-F8297DB0CDB3}.Debug|Any CPU.Build.0 = Debug|Any CPU
		{69DF0A41-829B-4A93-9169-F8297DB0CDB3}.Release|Any CPU.ActiveCfg = Release|Any CPU
		{69DF0A41-829B-4A93-9169-F8297DB0CDB3}.Release|Any CPU.Build.0 = Release|Any CPU
		{380F7BAA-ABBC-432F-A46D-ED90E1859092}.Debug|Any CPU.ActiveCfg = Debug|Any CPU
		{380F7BAA-ABBC-432F-A46D-ED90E1859092}.Debug|Any CPU.Build.0 = Debug|Any CPU
		{380F7BAA-ABBC-432F-A46D-ED90E1859092}.Release|Any CPU.ActiveCfg = Release|Any CPU
		{380F7BAA-ABBC-432F-A46D-ED90E1859092}.Release|Any CPU.Build.0 = Release|Any CPU
	EndGlobalSection
	GlobalSection(SolutionProperties) = preSolution
		HideSolutionNode = FALSE
	EndGlobalSection
	GlobalSection(ExtensibilityGlobals) = postSolution
		SolutionGuid = {44B854A5-547D-4B32-BC01-D10AC126B356}
	EndGlobalSection
EndGlobal
